
Microsoft Visual Studio Solution File, Format Version 12.00
# Visual Studio 15
VisualStudioVersion = 15.0.28307.2092
MinimumVisualStudioVersion = 10.0.40219.1
Project("{F184B08F-C81C-45F6-A57F-5ABD9991F28F}") = "Practica 2. POO Clase persona contacto", "Practica 2. POO Clase persona contacto\Practica 2. POO Clase persona contacto.vbproj", "{546B2124-E27C-4672-AAA8-2D0AE820DC42}"
EndProject
Global
	GlobalSection(SolutionConfigurationPlatforms) = preSolution
		Debug|Any CPU = Debug|Any CPU
		Release|Any CPU = Release|Any CPU
	EndGlobalSection
	GlobalSection(ProjectConfigurationPlatforms) = postSolution
		{546B2124-E27C-4672-AAA8-2D0AE820DC42}.Debug|Any CPU.ActiveCfg = Debug|Any CPU
		{546B2124-E27C-4672-AAA8-2D0AE820DC42}.Debug|Any CPU.Build.0 = Debug|Any CPU
		{546B2124-E27C-4672-AAA8-2D0AE820DC42}.Release|Any CPU.ActiveCfg = Release|Any CPU
		{546B2124-E27C-4672-AAA8-2D0AE820DC42}.Release|Any CPU.Build.0 = Release|Any CPU
	EndGlobalSection
	GlobalSection(SolutionProperties) = preSolution
		HideSolutionNode = FALSE
	EndGlobalSection
	GlobalSection(ExtensibilityGlobals) = postSolution
		SolutionGuid = {89E36420-9480-42E5-9B3D-87CA052EB66A}
	EndGlobalSection
EndGlobal
